
Microsoft Visual Studio Solution File, Format Version 12.00
# Visual Studio 15
VisualStudioVersion = 15.0.28307.271
MinimumVisualStudioVersion = 10.0.40219.1
Project("{8BC9CEB8-8B4A-11D0-8D11-00A0C91BC942}") = "TrainingDemo", "TrainingDemo\TrainingDemo.vcxproj", "{84D48444-89C4-4634-9FB3-4D6FE26B3A90}"
EndProject
Global
	GlobalSection(SolutionConfigurationPlatforms) = preSolution
		Debug|x64 = Debug|x64
		Debug|x86 = Debug|x86
		Release|x64 = Release|x64
		Release|x86 = Release|x86
	EndGlobalSection
	GlobalSection(ProjectConfigurationPlatforms) = postSolution
		{84D48444-89C4-4634-9FB3-4D6FE26B3A90}.Debug|x64.ActiveCfg = Debug|x64
		{84D48444-89C4-4634-9FB3-4D6FE26B3A90}.Debug|x64.Build.0 = Debug|x64
		{84D48444-89C4-4634-9FB3-4D6FE26B3A90}.Debug|x86.ActiveCfg = Debug|Win32
		{84D48444-89C4-4634-9FB3-4D6FE26B3A90}.Debug|x86.Build.0 = Debug|Win32
		{84D48444-89C4-4634-9FB3-4D6FE26B3A90}.Release|x64.ActiveCfg = Release|x64
		{84D48444-89C4-4634-9FB3-4D6FE26B3A90}.Release|x64.Build.0 = Release|x64
		{84D48444-89C4-4634-9FB3-4D6FE26B3A90}.Release|x86.ActiveCfg = Release|Win32
		{84D48444-89C4-4634-9FB3-4D6FE26B3A90}.Release|x86.Build.0 = Release|Win32
	EndGlobalSection
	GlobalSection(SolutionProperties) = preSolution
		HideSolutionNode = FALSE
	EndGlobalSection
	GlobalSection(ExtensibilityGlobals) = postSolution
		SolutionGuid = {4B18F01B-EE1F-464C-817D-D503D565E81E}
	EndGlobalSection
EndGlobal
