
Microsoft Visual Studio Solution File, Format Version 12.00
# Visual Studio 15
VisualStudioVersion = 15.0.28307.271
MinimumVisualStudioVersion = 10.0.40219.1
Project("{8BC9CEB8-8B4A-11D0-8D11-00A0C91BC942}") = "Struct", "Struct\Struct.vcxproj", "{6E19EABC-DF0D-4DDE-875A-E6C2538ACCDE}"
EndProject
Global
	GlobalSection(SolutionConfigurationPlatforms) = preSolution
		Debug|x64 = Debug|x64
		Debug|x86 = Debug|x86
		Release|x64 = Release|x64
		Release|x86 = Release|x86
	EndGlobalSection
	GlobalSection(ProjectConfigurationPlatforms) = postSolution
		{6E19EABC-DF0D-4DDE-875A-E6C2538ACCDE}.Debug|x64.ActiveCfg = Debug|x64
		{6E19EABC-DF0D-4DDE-875A-E6C2538ACCDE}.Debug|x64.Build.0 = Debug|x64
		{6E19EABC-DF0D-4DDE-875A-E6C2538ACCDE}.Debug|x86.ActiveCfg = Debug|Win32
		{6E19EABC-DF0D-4DDE-875A-E6C2538ACCDE}.Debug|x86.Build.0 = Debug|Win32
		{6E19EABC-DF0D-4DDE-875A-E6C2538ACCDE}.Release|x64.ActiveCfg = Release|x64
		{6E19EABC-DF0D-4DDE-875A-E6C2538ACCDE}.Release|x64.Build.0 = Release|x64
		{6E19EABC-DF0D-4DDE-875A-E6C2538ACCDE}.Release|x86.ActiveCfg = Release|Win32
		{6E19EABC-DF0D-4DDE-875A-E6C2538ACCDE}.Release|x86.Build.0 = Release|Win32
	EndGlobalSection
	GlobalSection(SolutionProperties) = preSolution
		HideSolutionNode = FALSE
	EndGlobalSection
	GlobalSection(ExtensibilityGlobals) = postSolution
		SolutionGuid = {45701F88-9983-4DA6-B0B0-D44D0AD978EB}
	EndGlobalSection
EndGlobal
